# This file is automatically @generated by Cargo.
# It is not intended for manual editing.
version = 4

[[package]]
name = "harness-cli"
version = "0.1.0"
dependencies = [
 "harness-core",
 "harness-runtime",
]

[[package]]
name = "harness-context"
version = "0.1.0"
dependencies = [
 "harness-core",
]

[[package]]
name = "harness-core"
version = "0.1.0"

[[package]]
name = "harness-db"
version = "0.1.0"
dependencies = [
 "harness-core",
 "harness-events",
]

[[package]]
name = "harness-events"
version = "0.1.0"
dependencies = [
 "harness-core",
]

[[package]]
name = "harness-models"
version = "0.1.0"
dependencies = [
 "harness-core",
]

[[package]]
name = "harness-policy"
version = "0.1.0"
dependencies = [
 "harness-core",
]

[[package]]
name = "harness-runtime"
version = "0.1.0"
dependencies = [
 "harness-context",
 "harness-core",
 "harness-db",
 "harness-events",
 "harness-models",
 "harness-policy",
 "harness-tools",
]

[[package]]
name = "harness-tools"
version = "0.1.0"
dependencies = [
 "harness-core",
 "harness-policy",
]
